
Microsoft Visual Studio Solution File, Format Version 12.00
# Visual Studio Version 16
VisualStudioVersion = 16.0.30114.105
MinimumVisualStudioVersion = 10.0.40219.1
Project("{FAE04EC0-301F-11D3-BF4B-00C04F79EFBC}") = "HelloWorld", "00_HelloWorld\HelloWorld.csproj", "{3939CF7E-A09D-426F-8C52-7DC7EECA773D}"
EndProject
Project("{FAE04EC0-301F-11D3-BF4B-00C04F79EFBC}") = "Variables", "01_Variables\Variables.csproj", "{6437826C-E065-421F-8119-8F880FA7B37D}"
EndProject
Project("{FAE04EC0-301F-11D3-BF4B-00C04F79EFBC}") = "BasicTypes", "02_Types\BasicTypes.csproj", "{CA8A6DC6-F7E7-44B3-909A-17C9103ACA5F}"
EndProject
Project("{FAE04EC0-301F-11D3-BF4B-00C04F79EFBC}") = "Operators", "03_Operators\Operators.csproj", "{ECFC03B7-A180-43DF-91BF-ADDD67954CA0}"
EndProject
Project("{FAE04EC0-301F-11D3-BF4B-00C04F79EFBC}") = "Strings", "04_Strings\Strings.csproj", "{7776E021-B9EB-438C-926C-1284093CA60E}"
EndProject
Project("{FAE04EC0-301F-11D3-BF4B-00C04F79EFBC}") = "TypesChallenges", "02_Types_Challenges\TypesChallenges.csproj", "{D7781C69-5819-4E87-B67A-DCC5E884280E}"
EndProject
Project("{FAE04EC0-301F-11D3-BF4B-00C04F79EFBC}") = "IfStatements", "06_Conditionals\IfStatements.csproj", "{5BDEB3D3-DD7F-468F-A0FA-8E7B12913FBD}"
EndProject
Global
	GlobalSection(SolutionConfigurationPlatforms) = preSolution
		Debug|Any CPU = Debug|Any CPU
		Release|Any CPU = Release|Any CPU
	EndGlobalSection
	GlobalSection(SolutionProperties) = preSolution
		HideSolutionNode = FALSE
	EndGlobalSection
	GlobalSection(ProjectConfigurationPlatforms) = postSolution
		{3939CF7E-A09D-426F-8C52-7DC7EECA773D}.Debug|Any CPU.ActiveCfg = Debug|Any CPU
		{3939CF7E-A09D-426F-8C52-7DC7EECA773D}.Debug|Any CPU.Build.0 = Debug|Any CPU
		{3939CF7E-A09D-426F-8C52-7DC7EECA773D}.Release|Any CPU.ActiveCfg = Release|Any CPU
		{3939CF7E-A09D-426F-8C52-7DC7EECA773D}.Release|Any CPU.Build.0 = Release|Any CPU
		{6437826C-E065-421F-8119-8F880FA7B37D}.Debug|Any CPU.ActiveCfg = Debug|Any CPU
		{6437826C-E065-421F-8119-8F880FA7B37D}.Debug|Any CPU.Build.0 = Debug|Any CPU
		{6437826C-E065-421F-8119-8F880FA7B37D}.Release|Any CPU.ActiveCfg = Release|Any CPU
		{6437826C-E065-421F-8119-8F880FA7B37D}.Release|Any CPU.Build.0 = Release|Any CPU
		{CA8A6DC6-F7E7-44B3-909A-17C9103ACA5F}.Debug|Any CPU.ActiveCfg = Debug|Any CPU
		{CA8A6DC6-F7E7-44B3-909A-17C9103ACA5F}.Debug|Any CPU.Build.0 = Debug|Any CPU
		{CA8A6DC6-F7E7-44B3-909A-17C9103ACA5F}.Release|Any CPU.ActiveCfg = Release|Any CPU
		{CA8A6DC6-F7E7-44B3-909A-17C9103ACA5F}.Release|Any CPU.Build.0 = Release|Any CPU
		{ECFC03B7-A180-43DF-91BF-ADDD67954CA0}.Debug|Any CPU.ActiveCfg = Debug|Any CPU
		{ECFC03B7-A180-43DF-91BF-ADDD67954CA0}.Debug|Any CPU.Build.0 = Debug|Any CPU
		{ECFC03B7-A180-43DF-91BF-ADDD67954CA0}.Release|Any CPU.ActiveCfg = Release|Any CPU
		{ECFC03B7-A180-43DF-91BF-ADDD67954CA0}.Release|Any CPU.Build.0 = Release|Any CPU
		{7776E021-B9EB-438C-926C-1284093CA60E}.Debug|Any CPU.ActiveCfg = Debug|Any CPU
		{7776E021-B9EB-438C-926C-1284093CA60E}.Debug|Any CPU.Build.0 = Debug|Any CPU
		{7776E021-B9EB-438C-926C-1284093CA60E}.Release|Any CPU.ActiveCfg = Release|Any CPU
		{7776E021-B9EB-438C-926C-1284093CA60E}.Release|Any CPU.Build.0 = Release|Any CPU
		{D7781C69-5819-4E87-B67A-DCC5E884280E}.Debug|Any CPU.ActiveCfg = Debug|Any CPU
		{D7781C69-5819-4E87-B67A-DCC5E884280E}.Debug|Any CPU.Build.0 = Debug|Any CPU
		{D7781C69-5819-4E87-B67A-DCC5E884280E}.Release|Any CPU.ActiveCfg = Release|Any CPU
		{D7781C69-5819-4E87-B67A-DCC5E884280E}.Release|Any CPU.Build.0 = Release|Any CPU
		{5BDEB3D3-DD7F-468F-A0FA-8E7B12913FBD}.Debug|Any CPU.ActiveCfg = Debug|Any CPU
		{5BDEB3D3-DD7F-468F-A0FA-8E7B12913FBD}.Debug|Any CPU.Build.0 = Debug|Any CPU
		{5BDEB3D3-DD7F-468F-A0FA-8E7B12913FBD}.Release|Any CPU.ActiveCfg = Release|Any CPU
		{5BDEB3D3-DD7F-468F-A0FA-8E7B12913FBD}.Release|Any CPU.Build.0 = Release|Any CPU
	EndGlobalSection
EndGlobal
